{
  "requires": true,
  "lockfileVersion": 1,
  "dependencies": {
    "vuetify": {
      "version": "2.2.6",
      "resolved": "https://registry.npmjs.org/vuetify/-/vuetify-2.2.6.tgz",
      "integrity": "sha512-HrcdKLs4YYG/3HwcdJa+HMUoNtKt/0ePmdkPYj/ju3EmyeJZyUaxbX0kyW5cyeUTyysrFkBJHCU+24iPYP3+pQ=="
    }
  }
}
